
Microsoft Visual Studio Solution File, Format Version 12.00
# Visual Studio Version 16
VisualStudioVersion = 16.0.30711.63
MinimumVisualStudioVersion = 10.0.40219.1
Project("{FAE04EC0-301F-11D3-BF4B-00C04F79EFBC}") = "DCSoft.CSharpWriter", "DCSoft.CSharpWriter\DCSoft.CSharpWriter.csproj", "{0B4EE2EE-8187-4F6D-9F05-249D8359B7CC}"
EndProject
Project("{FAE04EC0-301F-11D3-BF4B-00C04F79EFBC}") = "DCSoft.CSharpWriter.WinFormDemo", "DCSoft.CSharpWriter.WinFormDemo\DCSoft.CSharpWriter.WinFormDemo.csproj", "{4AAD2D1D-8447-456E-92D8-B640CF85E9DE}"
EndProject
Global
	GlobalSection(SolutionConfigurationPlatforms) = preSolution
		Debug|Any CPU = Debug|Any CPU
		Release|Any CPU = Release|Any CPU
	EndGlobalSection
	GlobalSection(ProjectConfigurationPlatforms) = postSolution
		{0B4EE2EE-8187-4F6D-9F05-249D8359B7CC}.Debug|Any CPU.ActiveCfg = Debug|Any CPU
		{0B4EE2EE-8187-4F6D-9F05-249D8359B7CC}.Debug|Any CPU.Build.0 = Debug|Any CPU
		{0B4EE2EE-8187-4F6D-9F05-249D8359B7CC}.Release|Any CPU.ActiveCfg = Release|Any CPU
		{0B4EE2EE-8187-4F6D-9F05-249D8359B7CC}.Release|Any CPU.Build.0 = Release|Any CPU
		{4AAD2D1D-8447-456E-92D8-B640CF85E9DE}.Debug|Any CPU.ActiveCfg = Debug|Any CPU
		{4AAD2D1D-8447-456E-92D8-B640CF85E9DE}.Debug|Any CPU.Build.0 = Debug|Any CPU
		{4AAD2D1D-8447-456E-92D8-B640CF85E9DE}.Release|Any CPU.ActiveCfg = Release|Any CPU
		{4AAD2D1D-8447-456E-92D8-B640CF85E9DE}.Release|Any CPU.Build.0 = Release|Any CPU
	EndGlobalSection
	GlobalSection(SolutionProperties) = preSolution
		HideSolutionNode = FALSE
	EndGlobalSection
	GlobalSection(ExtensibilityGlobals) = postSolution
		SolutionGuid = {80342B8C-F7A7-4EBC-8937-25F12E73CE95}
	EndGlobalSection
EndGlobal
